// !$*UTF8*$!
{
	archiveVersion = 1;
	classes = {
	};
	objectVersion = 50;
	objects = {

/* Begin PBXBuildFile section */
		1D5AEE0524E375D300303692 /* AppDelegate.swift in Sources */ = {isa = PBXBuildFile; fileRef = 1D5AEE0424E375D300303692 /* AppDelegate.swift */; };
		1D5AEE0724E375D300303692 /* ViewController.swift in Sources */ = {isa = PBXBuildFile; fileRef = 1D5AEE0624E375D300303692 /* ViewController.swift */; };
		1D5AEE0924E375D600303692 /* Assets.xcassets in Resources */ = {isa = PBXBuildFile; fileRef = 1D5AEE0824E375D600303692 /* Assets.xcassets */; };
		1D5AEE0C24E375D600303692 /* Main.storyboard in Resources */ = {isa = PBXBuildFile; fileRef = 1D5AEE0A24E375D600303692 /* Main.storyboard */; };
		1D5AEE1824E375D700303692 /* OpenMessage_MacTests.swift in Sources */ = {isa = PBXBuildFile; fileRef = 1D5AEE1724E375D700303692 /* OpenMessage_MacTests.swift */; };
		1D5AEE2324E375D700303692 /* OpenMessage_MacUITests.swift in Sources */ = {isa = PBXBuildFile; fileRef = 1D5AEE2224E375D700303692 /* OpenMessage_MacUITests.swift */; };
/* End PBXBuildFile section */

/* Begin PBXContainerItemProxy section */
		1D5AEE1424E375D700303692 /* PBXContainerItemProxy */ = {
			isa = PBXContainerItemProxy;
			containerPortal = 1D5AEDF924E375D300303692 /* Project object */;
			proxyType = 1;
			remoteGlobalIDString = 1D5AEE0024E375D300303692;
			remoteInfo = "OpenMessage-Mac";
		};
		1D5AEE1F24E375D700303692 /* PBXContainerItemProxy */ = {
			isa = PBXContainerItemProxy;
			containerPortal = 1D5AEDF924E375D300303692 /* Project object */;
			proxyType = 1;
			remoteGlobalIDString = 1D5AEE0024E375D300303692;
			remoteInfo = "OpenMessage-Mac";
		};
/* End PBXContainerItemProxy section */

/* Begin PBXFileReference section */
		1D5AEE0124E375D300303692 /* OpenMessage-Mac.app */ = {isa = PBXFileReference; explicitFileType = wrapper.application; includeInIndex = 0; path = "OpenMessage-Mac.app"; sourceTree = BUILT_PRODUCTS_DIR; };
		1D5AEE0424E375D300303692 /* AppDelegate.swift */ = {isa = PBXFileReference; lastKnownFileType = sourcecode.swift; path = AppDelegate.swift; sourceTree = "<group>"; };
		1D5AEE0624E375D300303692 /* ViewController.swift */ = {isa = PBXFileReference; lastKnownFileType = sourcecode.swift; path = ViewController.swift; sourceTree = "<group>"; };
		1D5AEE0824E375D600303692 /* Assets.xcassets */ = {isa = PBXFileReference; lastKnownFileType = folder.assetcatalog; path = Assets.xcassets; sourceTree = "<group>"; };
		1D5AEE0B24E375D600303692 /* Base */ = {isa = PBXFileReference; lastKnownFileType = file.storyboard; name = Base; path = Base.lproj/Main.storyboard; sourceTree = "<group>"; };
		1D5AEE0D24E375D600303692 /* Info.plist */ = {isa = PBXFileReference; lastKnownFileType = text.plist.xml; path = Info.plist; sourceTree = "<group>"; };
		1D5AEE0E24E375D600303692 /* OpenMessage_Mac.entitlements */ = {isa = PBXFileReference; lastKnownFileType = text.plist.entitlements; path = OpenMessage_Mac.entitlements; sourceTree = "<group>"; };
		1D5AEE1324E375D700303692 /* OpenMessage-MacTests.xctest */ = {isa = PBXFileReference; explicitFileType = wrapper.cfbundle; includeInIndex = 0; path = "OpenMessage-MacTests.xctest"; sourceTree = BUILT_PRODUCTS_DIR; };
		1D5AEE1724E375D700303692 /* OpenMessage_MacTests.swift */ = {isa = PBXFileReference; lastKnownFileType = sourcecode.swift; path = OpenMessage_MacTests.swift; sourceTree = "<group>"; };
		1D5AEE1924E375D700303692 /* Info.plist */ = {isa = PBXFileReference; lastKnownFileType = text.plist.xml; path = Info.plist; sourceTree = "<group>"; };
		1D5AEE1E24E375D700303692 /* OpenMessage-MacUITests.xctest */ = {isa = PBXFileReference; explicitFileType = wrapper.cfbundle; includeInIndex = 0; path = "OpenMessage-MacUITests.xctest"; sourceTree = BUILT_PRODUCTS_DIR; };
		1D5AEE2224E375D700303692 /* OpenMessage_MacUITests.swift */ = {isa = PBXFileReference; lastKnownFileType = sourcecode.swift; path = OpenMessage_MacUITests.swift; sourceTree = "<group>"; };
		1D5AEE2424E375D700303692 /* Info.plist */ = {isa = PBXFileReference; lastKnownFileType = text.plist.xml; path = Info.plist; sourceTree = "<group>"; };
/* End PBXFileReference section */

/* Begin PBXFrameworksBuildPhase section */
		1D5AEDFE24E375D300303692 /* Frameworks */ = {
			isa = PBXFrameworksBuildPhase;
			buildActionMask = 2147483647;
			files = (
			);
			runOnlyForDeploymentPostprocessing = 0;
		};
		1D5AEE1024E375D700303692 /* Frameworks */ = {
			isa = PBXFrameworksBuildPhase;
			buildActionMask = 2147483647;
			files = (
			);
			runOnlyForDeploymentPostprocessing = 0;
		};
		1D5AEE1B24E375D700303692 /* Frameworks */ = {
			isa = PBXFrameworksBuildPhase;
			buildActionMask = 2147483647;
			files = (
			);
			runOnlyForDeploymentPostprocessing = 0;
		};
/* End PBXFrameworksBuildPhase section */

/* Begin PBXGroup section */
		1D5AEDF824E375D300303692 = {
			isa = PBXGroup;
			children = (
				1D5AEE0324E375D300303692 /* OpenMessage-Mac */,
				1D5AEE1624E375D700303692 /* OpenMessage-MacTests */,
				1D5AEE2124E375D700303692 /* OpenMessage-MacUITests */,
				1D5AEE0224E375D300303692 /* Products */,
			);
			sourceTree = "<group>";
		};
		1D5AEE0224E375D300303692 /* Products */ = {
			isa = PBXGroup;
			children = (
				1D5AEE0124E375D300303692 /* OpenMessage-Mac.app */,
				1D5AEE1324E375D700303692 /* OpenMessage-MacTests.xctest */,
				1D5AEE1E24E375D700303692 /* OpenMessage-MacUITests.xctest */,
			);
			name = Products;
			sourceTree = "<group>";
		};
		1D5AEE0324E375D300303692 /* OpenMessage-Mac */ = {
			isa = PBXGroup;
			children = (
				1D5AEE0424E375D300303692 /* AppDelegate.swift */,
				1D5AEE0624E375D300303692 /* ViewController.swift */,
				1D5AEE0824E375D600303692 /* Assets.xcassets */,
				1D5AEE0A24E375D600303692 /* Main.storyboard */,
				1D5AEE0D24E375D600303692 /* Info.plist */,
				1D5AEE0E24E375D600303692 /* OpenMessage_Mac.entitlements */,
			);
			path = "OpenMessage-Mac";
			sourceTree = "<group>";
		};
		1D5AEE1624E375D700303692 /* OpenMessage-MacTests */ = {
			isa = PBXGroup;
			children = (
				1D5AEE1724E375D700303692 /* OpenMessage_MacTests.swift */,
				1D5AEE1924E375D700303692 /* Info.plist */,
			);
			path = "OpenMessage-MacTests";
			sourceTree = "<group>";
		};
		1D5AEE2124E375D700303692 /* OpenMessage-MacUITests */ = {
			isa = PBXGroup;
			children = (
				1D5AEE2224E375D700303692 /* OpenMessage_MacUITests.swift */,
				1D5AEE2424E375D700303692 /* Info.plist */,
			);
			path = "OpenMessage-MacUITests";
			sourceTree = "<group>";
		};
/* End PBXGroup section */

/* Begin PBXNativeTarget section */
		1D5AEE0024E375D300303692 /* OpenMessage-Mac */ = {
			isa = PBXNativeTarget;
			buildConfigurationList = 1D5AEE2724E375D700303692 /* Build configuration list for PBXNativeTarget "OpenMessage-Mac" */;
			buildPhases = (
				1D5AEDFD24E375D300303692 /* Sources */,
				1D5AEDFE24E375D300303692 /* Frameworks */,
				1D5AEDFF24E375D300303692 /* Resources */,
			);
			buildRules = (
			);
			dependencies = (
			);
			name = "OpenMessage-Mac";
			productName = "OpenMessage-Mac";
			productReference = 1D5AEE0124E375D300303692 /* OpenMessage-Mac.app */;
			productType = "com.apple.product-type.application";
		};
		1D5AEE1224E375D700303692 /* OpenMessage-MacTests */ = {
			isa = PBXNativeTarget;
			buildConfigurationList = 1D5AEE2A24E375D700303692 /* Build configuration list for PBXNativeTarget "OpenMessage-MacTests" */;
			buildPhases = (
				1D5AEE0F24E375D700303692 /* Sources */,
				1D5AEE1024E375D700303692 /* Frameworks */,
				1D5AEE1124E375D700303692 /* Resources */,
			);
			buildRules = (
			);
			dependencies = (
				1D5AEE1524E375D700303692 /* PBXTargetDependency */,
			);
			name = "OpenMessage-MacTests";
			productName = "OpenMessage-MacTests";
			productReference = 1D5AEE1324E375D700303692 /* OpenMessage-MacTests.xctest */;
			productType = "com.apple.product-type.bundle.unit-test";
		};
		1D5AEE1D24E375D700303692 /* OpenMessage-MacUITests */ = {
			isa = PBXNativeTarget;
			buildConfigurationList = 1D5AEE2D24E375D700303692 /* Build configuration list for PBXNativeTarget "OpenMessage-MacUITests" */;
			buildPhases = (
				1D5AEE1A24E375D700303692 /* Sources */,
				1D5AEE1B24E375D700303692 /* Frameworks */,
				1D5AEE1C24E375D700303692 /* Resources */,
			);
			buildRules = (
			);
			dependencies = (
				1D5AEE2024E375D700303692 /* PBXTargetDependency */,
			);
			name = "OpenMessage-MacUITests";
			productName = "OpenMessage-MacUITests";
			productReference = 1D5AEE1E24E375D700303692 /* OpenMessage-MacUITests.xctest */;
			productType = "com.apple.product-type.bundle.ui-testing";
		};
/* End PBXNativeTarget section */

/* Begin PBXProject section */
		1D5AEDF924E375D300303692 /* Project object */ = {
			isa = PBXProject;
			attributes = {
				LastSwiftUpdateCheck = 1160;
				LastUpgradeCheck = 1160;
				ORGANIZATIONNAME = "Eric Rabil";
				TargetAttributes = {
					1D5AEE0024E375D300303692 = {
						CreatedOnToolsVersion = 11.6;
					};
					1D5AEE1224E375D700303692 = {
						CreatedOnToolsVersion = 11.6;
						TestTargetID = 1D5AEE0024E375D300303692;
					};
					1D5AEE1D24E375D700303692 = {
						CreatedOnToolsVersion = 11.6;
						TestTargetID = 1D5AEE0024E375D300303692;
					};
				};
			};
			buildConfigurationList = 1D5AEDFC24E375D300303692 /* Build configuration list for PBXProject "OpenMessage-Mac" */;
			compatibilityVersion = "Xcode 9.3";
			developmentRegion = en;
			hasScannedForEncodings = 0;
			knownRegions = (
				en,
				Base,
			);
			mainGroup = 1D5AEDF824E375D300303692;
			productRefGroup = 1D5AEE0224E375D300303692 /* Products */;
			projectDirPath = "";
			projectRoot = "";
			targets = (
				1D5AEE0024E375D300303692 /* OpenMessage-Mac */,
				1D5AEE1224E375D700303692 /* OpenMessage-MacTests */,
				1D5AEE1D24E375D700303692 /* OpenMessage-MacUITests */,
			);
		};
/* End PBXProject section */

/* Begin PBXResourcesBuildPhase section */
		1D5AEDFF24E375D300303692 /* Resources */ = {
			isa = PBXResourcesBuildPhase;
			buildActionMask = 2147483647;
			files = (
				1D5AEE0924E375D600303692 /* Assets.xcassets in Resources */,
				1D5AEE0C24E375D600303692 /* Main.storyboard in Resources */,
			);
			runOnlyForDeploymentPostprocessing = 0;
		};
		1D5AEE1124E375D700303692 /* Resources */ = {
			isa = PBXResourcesBuildPhase;
			buildActionMask = 2147483647;
			files = (
			);
			runOnlyForDeploymentPostprocessing = 0;
		};
		1D5AEE1C24E375D700303692 /* Resources */ = {
			isa = PBXResourcesBuildPhase;
			buildActionMask = 2147483647;
			files = (
			);
			runOnlyForDeploymentPostprocessing = 0;
		};
/* End PBXResourcesBuildPhase section */

/* Begin PBXSourcesBuildPhase section */
		1D5AEDFD24E375D300303692 /* Sources */ = {
			isa = PBXSourcesBuildPhase;
			buildActionMask = 2147483647;
			files = (
				1D5AEE0724E375D300303692 /* ViewController.swift in Sources */,
				1D5AEE0524E375D300303692 /* AppDelegate.swift in Sources */,
			);
			runOnlyForDeploymentPostprocessing = 0;
		};
		1D5AEE0F24E375D700303692 /* Sources */ = {
			isa = PBXSourcesBuildPhase;
			buildActionMask = 2147483647;
			files = (
				1D5AEE1824E375D700303692 /* OpenMessage_MacTests.swift in Sources */,
			);
			runOnlyForDeploymentPostprocessing = 0;
		};
		1D5AEE1A24E375D700303692 /* Sources */ = {
			isa = PBXSourcesBuildPhase;
			buildActionMask = 2147483647;
			files = (
				1D5AEE2324E375D700303692 /* OpenMessage_MacUITests.swift in Sources */,
			);
			runOnlyForDeploymentPostprocessing = 0;
		};
/* End PBXSourcesBuildPhase section */

/* Begin PBXTargetDependency section */
		1D5AEE1524E375D700303692 /* PBXTargetDependency */ = {
			isa = PBXTargetDependency;
			target = 1D5AEE0024E375D300303692 /* OpenMessage-Mac */;
			targetProxy = 1D5AEE1424E375D700303692 /* PBXContainerItemProxy */;
		};
		1D5AEE2024E375D700303692 /* PBXTargetDependency */ = {
			isa = PBXTargetDependency;
			target = 1D5AEE0024E375D300303692 /* OpenMessage-Mac */;
			targetProxy = 1D5AEE1F24E375D700303692 /* PBXContainerItemProxy */;
		};
/* End PBXTargetDependency section */

/* Begin PBXVariantGroup section */
		1D5AEE0A24E375D600303692 /* Main.storyboard */ = {
			isa = PBXVariantGroup;
			children = (
				1D5AEE0B24E375D600303692 /* Base */,
			);
			name = Main.storyboard;
			sourceTree = "<group>";
		};
/* End PBXVariantGroup section */

/* Begin XCBuildConfiguration section */
		1D5AEE2524E375D700303692 /* Debug */ = {
			isa = XCBuildConfiguration;
			buildSettings = {
				ALWAYS_SEARCH_USER_PATHS = NO;
				CLANG_ANALYZER_NONNULL = YES;
				CLANG_ANALYZER_NUMBER_OBJECT_CONVERSION = YES_AGGRESSIVE;
				CLANG_CXX_LANGUAGE_STANDARD = "gnu++14";
				CLANG_CXX_LIBRARY = "libc++";
				CLANG_ENABLE_MODULES = YES;
				CLANG_ENABLE_OBJC_ARC = YES;
				CLANG_ENABLE_OBJC_WEAK = YES;
				CLANG_WARN_BLOCK_CAPTURE_AUTORELEASING = YES;
				CLANG_WARN_BOOL_CONVERSION = YES;
				CLANG_WARN_COMMA = YES;
				CLANG_WARN_CONSTANT_CONVERSION = YES;
				CLANG_WARN_DEPRECATED_OBJC_IMPLEMENTATIONS = YES;
				CLANG_WARN_DIRECT_OBJC_ISA_USAGE = YES_ERROR;
				CLANG_WARN_DOCUMENTATION_COMMENTS = YES;
				CLANG_WARN_EMPTY_BODY = YES;
				CLANG_WARN_ENUM_CONVERSION = YES;
				CLANG_WARN_INFINITE_RECURSION = YES;
				CLANG_WARN_INT_CONVERSION = YES;
				CLANG_WARN_NON_LITERAL_NULL_CONVERSION = YES;
				CLANG_WARN_OBJC_IMPLICIT_RETAIN_SELF = YES;
				CLANG_WARN_OBJC_LITERAL_CONVERSION = YES;
				CLANG_WARN_OBJC_ROOT_CLASS = YES_ERROR;
				CLANG_WARN_RANGE_LOOP_ANALYSIS = YES;
				CLANG_WARN_STRICT_PROTOTYPES = YES;
				CLANG_WARN_SUSPICIOUS_MOVE = YES;
				CLANG_WARN_UNGUARDED_AVAILABILITY = YES_AGGRESSIVE;
				CLANG_WARN_UNREACHABLE_CODE = YES;
				CLANG_WARN__DUPLICATE_METHOD_MATCH = YES;
				COPY_PHASE_STRIP = NO;
				DEBUG_INFORMATION_FORMAT = dwarf;
				ENABLE_STRICT_OBJC_MSGSEND = YES;
				ENABLE_TESTABILITY = YES;
				GCC_C_LANGUAGE_STANDARD = gnu11;
				GCC_DYNAMIC_NO_PIC = NO;
				GCC_NO_COMMON_BLOCKS = YES;
				GCC_OPTIMIZATION_LEVEL = 0;
				GCC_PREPROCESSOR_DEFINITIONS = (
					"DEBUG=1",
					"$(inherited)",
				);
				GCC_WARN_64_TO_32_BIT_CONVERSION = YES;
				GCC_WARN_ABOUT_RETURN_TYPE = YES_ERROR;
				GCC_WARN_UNDECLARED_SELECTOR = YES;
				GCC_WARN_UNINITIALIZED_AUTOS = YES_AGGRESSIVE;
				GCC_WARN_UNUSED_FUNCTION = YES;
				GCC_WARN_UNUSED_VARIABLE = YES;
				MACOSX_DEPLOYMENT_TARGET = 10.15;
				MTL_ENABLE_DEBUG_INFO = INCLUDE_SOURCE;
				MTL_FAST_MATH = YES;
				ONLY_ACTIVE_ARCH = YES;
				SDKROOT = macosx;
				SWIFT_ACTIVE_COMPILATION_CONDITIONS = DEBUG;
				SWIFT_OPTIMIZATION_LEVEL = "-Onone";
			};
			name = Debug;
		};
		1D5AEE2624E375D700303692 /* Release */ = {
			isa = XCBuildConfiguration;
			buildSettings = {
				ALWAYS_SEARCH_USER_PATHS = NO;
				CLANG_ANALYZER_NONNULL = YES;
				CLANG_ANALYZER_NUMBER_OBJECT_CONVERSION = YES_AGGRESSIVE;
				CLANG_CXX_LANGUAGE_STANDARD = "gnu++14";
				CLANG_CXX_LIBRARY = "libc++";
				CLANG_ENABLE_MODULES = YES;
				CLANG_ENABLE_OBJC_ARC = YES;
				CLANG_ENABLE_OBJC_WEAK = YES;
				CLANG_WARN_BLOCK_CAPTURE_AUTORELEASING = YES;
				CLANG_WARN_BOOL_CONVERSION = YES;
				CLANG_WARN_COMMA = YES;
				CLANG_WARN_CONSTANT_CONVERSION = YES;
				CLANG_WARN_DEPRECATED_OBJC_IMPLEMENTATIONS = YES;
				CLANG_WARN_DIRECT_OBJC_ISA_USAGE = YES_ERROR;
				CLANG_WARN_DOCUMENTATION_COMMENTS = YES;
				CLANG_WARN_EMPTY_BODY = YES;
				CLANG_WARN_ENUM_CONVERSION = YES;
				CLANG_WARN_INFINITE_RECURSION = YES;
				CLANG_WARN_INT_CONVERSION = YES;
				CLANG_WARN_NON_LITERAL_NULL_CONVERSION = YES;
				CLANG_WARN_OBJC_IMPLICIT_RETAIN_SELF = YES;
				CLANG_WARN_OBJC_LITERAL_CONVERSION = YES;
				CLANG_WARN_OBJC_ROOT_CLASS = YES_ERROR;
				CLANG_WARN_RANGE_LOOP_ANALYSIS = YES;
				CLANG_WARN_STRICT_PROTOTYPES = YES;
				CLANG_WARN_SUSPICIOUS_MOVE = YES;
				CLANG_WARN_UNGUARDED_AVAILABILITY = YES_AGGRESSIVE;
				CLANG_WARN_UNREACHABLE_CODE = YES;
				CLANG_WARN__DUPLICATE_METHOD_MATCH = YES;
				COPY_PHASE_STRIP = NO;
				DEBUG_INFORMATION_FORMAT = "dwarf-with-dsym";
				ENABLE_NS_ASSERTIONS = NO;
				ENABLE_STRICT_OBJC_MSGSEND = YES;
				GCC_C_LANGUAGE_STANDARD = gnu11;
				GCC_NO_COMMON_BLOCKS = YES;
				GCC_WARN_64_TO_32_BIT_CONVERSION = YES;
				GCC_WARN_ABOUT_RETURN_TYPE = YES_ERROR;
				GCC_WARN_UNDECLARED_SELECTOR = YES;
				GCC_WARN_UNINITIALIZED_AUTOS = YES_AGGRESSIVE;
				GCC_WARN_UNUSED_FUNCTION = YES;
				GCC_WARN_UNUSED_VARIABLE = YES;
				MACOSX_DEPLOYMENT_TARGET = 10.15;
				MTL_ENABLE_DEBUG_INFO = NO;
				MTL_FAST_MATH = YES;
				SDKROOT = macosx;
				SWIFT_COMPILATION_MODE = wholemodule;
				SWIFT_OPTIMIZATION_LEVEL = "-O";
			};
			name = Release;
		};
		1D5AEE2824E375D700303692 /* Debug */ = {
			isa = XCBuildConfiguration;
			buildSettings = {
				ASSETCATALOG_COMPILER_APPICON_NAME = AppIcon;
				CODE_SIGN_ENTITLEMENTS = "OpenMessage-Mac/OpenMessage_Mac.entitlements";
				CODE_SIGN_STYLE = Automatic;
				COMBINE_HIDPI_IMAGES = YES;
				DEVELOPMENT_TEAM = 6UW2D7F2RU;
				ENABLE_HARDENED_RUNTIME = YES;
				INFOPLIST_FILE = "OpenMessage-Mac/Info.plist";
				LD_RUNPATH_SEARCH_PATHS = (
					"$(inherited)",
					"@executable_path/../Frameworks",
				);
				PRODUCT_BUNDLE_IDENTIFIER = "com.ericrabil.OpenMessage-Mac";
				PRODUCT_NAME = "$(TARGET_NAME)";
				SWIFT_VERSION = 5.0;
			};
			name = Debug;
		};
		1D5AEE2924E375D700303692 /* Release */ = {
			isa = XCBuildConfiguration;
			buildSettings = {
				ASSETCATALOG_COMPILER_APPICON_NAME = AppIcon;
				CODE_SIGN_ENTITLEMENTS = "OpenMessage-Mac/OpenMessage_Mac.entitlements";
				CODE_SIGN_STYLE = Automatic;
				COMBINE_HIDPI_IMAGES = YES;
				DEVELOPMENT_TEAM = 6UW2D7F2RU;
				ENABLE_HARDENED_RUNTIME = YES;
				INFOPLIST_FILE = "OpenMessage-Mac/Info.plist";
				LD_RUNPATH_SEARCH_PATHS = (
					"$(inherited)",
					"@executable_path/../Frameworks",
				);
				PRODUCT_BUNDLE_IDENTIFIER = "com.ericrabil.OpenMessage-Mac";
				PRODUCT_NAME = "$(TARGET_NAME)";
				SWIFT_VERSION = 5.0;
			};
			name = Release;
		};
		1D5AEE2B24E375D700303692 /* Debug */ = {
			isa = XCBuildConfiguration;
			buildSettings = {
				ALWAYS_EMBED_SWIFT_STANDARD_LIBRARIES = YES;
				BUNDLE_LOADER = "$(TEST_HOST)";
				CODE_SIGN_STYLE = Automatic;
				COMBINE_HIDPI_IMAGES = YES;
				DEVELOPMENT_TEAM = 6UW2D7F2RU;
				INFOPLIST_FILE = "OpenMessage-MacTests/Info.plist";
				LD_RUNPATH_SEARCH_PATHS = (
					"$(inherited)",
					"@executable_path/../Frameworks",
					"@loader_path/../Frameworks",
				);
				MACOSX_DEPLOYMENT_TARGET = 10.15;
				PRODUCT_BUNDLE_IDENTIFIER = "com.ericrabil.OpenMessage-MacTests";
				PRODUCT_NAME = "$(TARGET_NAME)";
				SWIFT_VERSION = 5.0;
				TEST_HOST = "$(BUILT_PRODUCTS_DIR)/OpenMessage-Mac.app/Contents/MacOS/OpenMessage-Mac";
			};
			name = Debug;
		};
		1D5AEE2C24E375D700303692 /* Release */ = {
			isa = XCBuildConfiguration;
			buildSettings = {
				ALWAYS_EMBED_SWIFT_STANDARD_LIBRARIES = YES;
				BUNDLE_LOADER = "$(TEST_HOST)";
				CODE_SIGN_STYLE = Automatic;
				COMBINE_HIDPI_IMAGES = YES;
				DEVELOPMENT_TEAM = 6UW2D7F2RU;
				INFOPLIST_FILE = "OpenMessage-MacTests/Info.plist";
				LD_RUNPATH_SEARCH_PATHS = (
					"$(inherited)",
					"@executable_path/../Frameworks",
					"@loader_path/../Frameworks",
				);
				MACOSX_DEPLOYMENT_TARGET = 10.15;
				PRODUCT_BUNDLE_IDENTIFIER = "com.ericrabil.OpenMessage-MacTests";
				PRODUCT_NAME = "$(TARGET_NAME)";
				SWIFT_VERSION = 5.0;
				TEST_HOST = "$(BUILT_PRODUCTS_DIR)/OpenMessage-Mac.app/Contents/MacOS/OpenMessage-Mac";
			};
			name = Release;
		};
		1D5AEE2E24E375D700303692 /* Debug */ = {
			isa = XCBuildConfiguration;
			buildSettings = {
				ALWAYS_EMBED_SWIFT_STANDARD_LIBRARIES = YES;
				CODE_SIGN_STYLE = Automatic;
				COMBINE_HIDPI_IMAGES = YES;
				DEVELOPMENT_TEAM = 6UW2D7F2RU;
				INFOPLIST_FILE = "OpenMessage-MacUITests/Info.plist";
				LD_RUNPATH_SEARCH_PATHS = (
					"$(inherited)",
					"@executable_path/../Frameworks",
					"@loader_path/../Frameworks",
				);
				PRODUCT_BUNDLE_IDENTIFIER = "com.ericrabil.OpenMessage-MacUITests";
				PRODUCT_NAME = "$(TARGET_NAME)";
				SWIFT_VERSION = 5.0;
				TEST_TARGET_NAME = "OpenMessage-Mac";
			};
			name = Debug;
		};
		1D5AEE2F24E375D700303692 /* Release */ = {
			isa = XCBuildConfiguration;
			buildSettings = {
				ALWAYS_EMBED_SWIFT_STANDARD_LIBRARIES = YES;
				CODE_SIGN_STYLE = Automatic;
				COMBINE_HIDPI_IMAGES = YES;
				DEVELOPMENT_TEAM = 6UW2D7F2RU;
				INFOPLIST_FILE = "OpenMessage-MacUITests/Info.plist";
				LD_RUNPATH_SEARCH_PATHS = (
					"$(inherited)",
					"@executable_path/../Frameworks",
					"@loader_path/../Frameworks",
				);
				PRODUCT_BUNDLE_IDENTIFIER = "com.ericrabil.OpenMessage-MacUITests";
				PRODUCT_NAME = "$(TARGET_NAME)";
				SWIFT_VERSION = 5.0;
				TEST_TARGET_NAME = "OpenMessage-Mac";
			};
			name = Release;
		};
/* End XCBuildConfiguration section */

/* Begin XCConfigurationList section */
		1D5AEDFC24E375D300303692 /* Build configuration list for PBXProject "OpenMessage-Mac" */ = {
			isa = XCConfigurationList;
			buildConfigurations = (
				1D5AEE2524E375D700303692 /* Debug */,
				1D5AEE2624E375D700303692 /* Release */,
			);
			defaultConfigurationIsVisible = 0;
			defaultConfigurationName = Release;
		};
		1D5AEE2724E375D700303692 /* Build configuration list for PBXNativeTarget "OpenMessage-Mac" */ = {
			isa = XCConfigurationList;
			buildConfigurations = (
				1D5AEE2824E375D700303692 /* Debug */,
				1D5AEE2924E375D700303692 /* Release */,
			);
			defaultConfigurationIsVisible = 0;
			defaultConfigurationName = Release;
		};
		1D5AEE2A24E375D700303692 /* Build configuration list for PBXNativeTarget "OpenMessage-MacTests" */ = {
			isa = XCConfigurationList;
			buildConfigurations = (
				1D5AEE2B24E375D700303692 /* Debug */,
				1D5AEE2C24E375D700303692 /* Release */,
			);
			defaultConfigurationIsVisible = 0;
			defaultConfigurationName = Release;
		};
		1D5AEE2D24E375D700303692 /* Build configuration list for PBXNativeTarget "OpenMessage-MacUITests" */ = {
			isa = XCConfigurationList;
			buildConfigurations = (
				1D5AEE2E24E375D700303692 /* Debug */,
				1D5AEE2F24E375D700303692 /* Release */,
			);
			defaultConfigurationIsVisible = 0;
			defaultConfigurationName = Release;
		};
/* End XCConfigurationList section */
	};
	rootObject = 1D5AEDF924E375D300303692 /* Project object */;
}
