{
  "object": {
    "pins": [
      {
        "package": "AnyCodable",
        "repositoryURL": "https://github.com/Flight-School/AnyCodable",
        "state": {
          "branch": null,
          "revision": "69261f239f0fffaf51495dadc4f8483fbfe97025",
          "version": "0.6.1"
        }
      },
      {
        "package": "BarcelonaFoundation",
        "repositoryURL": "https://github.com/open-imcore/BarcelonaFoundation",
        "state": {
          "branch": null,
          "revision": "4457e83276d85faad7f611494e29a5182c775f2f",
          "version": "1.0.1"
        }
      },
      {
        "package": "BarcelonaIPC",
        "repositoryURL": "https://github.com/open-imcore/BarcelonaIPC",
        "state": {
          "branch": null,
          "revision": "9b841dccdf54c5fcc6bfca10738ed918714b4580",
          "version": "1.0.3"
        }
      },
      {
        "package": "GRDB",
        "repositoryURL": "https://github.com/groue/GRDB.swift",
        "state": {
          "branch": null,
          "revision": "5ee47c3c2765bdfde0f44c2ea9a263f6aa252d63",
          "version": "4.14.0"
        }
      },
      {
        "package": "Gzip",
        "repositoryURL": "https://github.com/1024jp/GzipSwift",
        "state": {
          "branch": null,
          "revision": "ba0b6cb51cc6202f896e469b87d2889a46b10d1b",
          "version": "5.1.1"
        }
      },
      {
        "package": "InterposeKit",
        "repositoryURL": "https://github.com/steipete/InterposeKit",
        "state": {
          "branch": "master",
          "revision": "2d48227c359b71be057fe9fd403ff791e5322b32",
          "version": null
        }
      },
      {
        "package": "LineNoise",
        "repositoryURL": "https://github.com/andybest/linenoise-swift",
        "state": {
          "branch": null,
          "revision": "afc897c02b030af7333105c4fedcd843a8339238",
          "version": "0.0.3"
        }
      },
      {
        "package": "Nimble",
        "repositoryURL": "https://github.com/Quick/Nimble",
        "state": {
          "branch": null,
          "revision": "e9d769113660769a4d9dd3afb855562c0b7ae7b0",
          "version": "7.3.4"
        }
      },
      {
        "package": "Pwomise",
        "repositoryURL": "https://github.com/EricRabil/Pwomise",
        "state": {
          "branch": null,
          "revision": "2b004b1e78f27fe0d3d38a2a10d1b4a69b46fb6c",
          "version": "1.0.6"
        }
      },
      {
        "package": "Quick",
        "repositoryURL": "https://github.com/Quick/Quick",
        "state": {
          "branch": null,
          "revision": "f2b5a06440ea87eba1a167cab37bf6496646c52e",
          "version": "1.3.4"
        }
      },
      {
        "package": "Rainbow",
        "repositoryURL": "https://github.com/onevcat/Rainbow",
        "state": {
          "branch": null,
          "revision": "7c3dad0e918534c6d19dd1048bde734c246d05fe",
          "version": "4.0.0"
        }
      },
      {
        "package": "Swexy",
        "repositoryURL": "https://github.com/EricRabil/Swexy",
        "state": {
          "branch": null,
          "revision": "e8f656e5f1d1cad30f99b259d4d50e1e05c8a9f8",
          "version": "1.0.4"
        }
      },
      {
        "package": "SwiftSyntax",
        "repositoryURL": "https://github.com/apple/swift-syntax.git",
        "state": {
          "branch": "release/5.4",
          "revision": "d81b6a6dc2698a93dcc04304fb15a5446b5278a4",
          "version": null
        }
      },
      {
        "package": "SwiftCLI",
        "repositoryURL": "https://github.com/EricRabil/SwiftCLI",
        "state": {
          "branch": null,
          "revision": "953c96a5c0c76e73c0d928577ca3d5183a3f09ef",
          "version": "6.0.3"
        }
      },
      {
        "package": "SwiftSemantics",
        "repositoryURL": "https://github.com/SwiftDocOrg/SwiftSemantics",
        "state": {
          "branch": "main",
          "revision": "0541303c42f4ad92cb3b22618f3de4b6a1a836d2",
          "version": null
        }
      },
      {
        "package": "SwiftyJavaScriptCore",
        "repositoryURL": "https://github.com/EricRabil/SwiftyJavaScriptCore",
        "state": {
          "branch": null,
          "revision": "d049554acbf9f5d2c2c90cf95e1c91479804ea13",
          "version": "1.0.2"
        }
      },
      {
        "package": "SwiftyTextTable",
        "repositoryURL": "https://github.com/scottrhoyt/SwiftyTextTable",
        "state": {
          "branch": null,
          "revision": "c6df6cf533d120716bff38f8ff9885e1ce2a4ac3",
          "version": "0.9.0"
        }
      },
      {
        "package": "Swime",
        "repositoryURL": "https://github.com/sendyhalim/Swime",
        "state": {
          "branch": null,
          "revision": "e7e271fa6eed83456a9ba6c9bad696ef0549ff08",
          "version": "3.0.7"
        }
      },
      {
        "package": "Swog",
        "repositoryURL": "https://github.com/EricRabil/Swog",
        "state": {
          "branch": null,
          "revision": "a9b0442e31f1d1d434b83358f437e4420a05439a",
          "version": "1.0.1"
        }
      }
    ]
  },
  "version": 1
}
